
Microsoft Visual Studio Solution File, Format Version 12.00
# Visual Studio Version 16
VisualStudioVersion = 16.0.31005.135
MinimumVisualStudioVersion = 10.0.40219.1
Project("{FAE04EC0-301F-11D3-BF4B-00C04F79EFBC}") = "PizzaGame", "PizzaGame.csproj", "{63353E20-9055-4CFA-B97F-8599666D34BF}"
EndProject
Global
	GlobalSection(SolutionConfigurationPlatforms) = preSolution
		Debug|Any CPU = Debug|Any CPU
		Release|Any CPU = Release|Any CPU
	EndGlobalSection
	GlobalSection(ProjectConfigurationPlatforms) = postSolution
		{63353E20-9055-4CFA-B97F-8599666D34BF}.Debug|Any CPU.ActiveCfg = Debug|Any CPU
		{63353E20-9055-4CFA-B97F-8599666D34BF}.Debug|Any CPU.Build.0 = Debug|Any CPU
		{63353E20-9055-4CFA-B97F-8599666D34BF}.Release|Any CPU.ActiveCfg = Release|Any CPU
		{63353E20-9055-4CFA-B97F-8599666D34BF}.Release|Any CPU.Build.0 = Release|Any CPU
	EndGlobalSection
	GlobalSection(SolutionProperties) = preSolution
		HideSolutionNode = FALSE
	EndGlobalSection
	GlobalSection(ExtensibilityGlobals) = postSolution
		SolutionGuid = {B7C1E5B3-4816-4502-8386-54F655B57154}
	EndGlobalSection
EndGlobal
